
Microsoft Visual Studio Solution File, Format Version 12.00
# Visual Studio 14
VisualStudioVersion = 14.0.25420.1
MinimumVisualStudioVersion = 10.0.40219.1
Project("{FAE04EC0-301F-11D3-BF4B-00C04F79EFBC}") = "sample1", "chapter1\threads\sample1\sample1.csproj", "{B71A0EEA-F738-405B-B3F1-91B14CE1975C}"
EndProject
Project("{FAE04EC0-301F-11D3-BF4B-00C04F79EFBC}") = "sample2", "chapter1\threads\sample2\sample2.csproj", "{34C83D32-0966-475E-9025-573FADF10A3A}"
EndProject
Project("{2150E333-8FDC-42A3-9474-1A3956D46DE8}") = "chapter1", "chapter1", "{5A17F193-1BB6-4317-8770-ADA5286F3236}"
EndProject
Project("{2150E333-8FDC-42A3-9474-1A3956D46DE8}") = "threads", "threads", "{B496E169-0056-4624-8C33-9D7E3E8F4EE3}"
EndProject
Project("{2150E333-8FDC-42A3-9474-1A3956D46DE8}") = "chapter2", "chapter2", "{4EF1E817-D199-4210-A4B5-9C0A119DEC2D}"
EndProject
Project("{FAE04EC0-301F-11D3-BF4B-00C04F79EFBC}") = "sample3", "chapter1\threads\sample3\sample3.csproj", "{85E3B406-EDDE-4CAA-85B9-91C34169FD8A}"
EndProject
Project("{FAE04EC0-301F-11D3-BF4B-00C04F79EFBC}") = "sample4", "chapter1\threads\sample4\sample4.csproj", "{D227505B-1F00-4CBC-A5FA-F3A6D94A2FCF}"
EndProject
Project("{FAE04EC0-301F-11D3-BF4B-00C04F79EFBC}") = "sample5", "chapter1\threads\sample5\sample5.csproj", "{C31A312D-B694-457E-8B37-68CBEF621265}"
EndProject
Project("{FAE04EC0-301F-11D3-BF4B-00C04F79EFBC}") = "sample6", "chapter1\threads\sample6\sample6.csproj", "{D74754F2-B944-4F7B-9E92-CE731EA635F2}"
EndProject
Project("{FAE04EC0-301F-11D3-BF4B-00C04F79EFBC}") = "sample7", "chapter1\threads\sample7\sample7.csproj", "{AFD41FCA-179B-45E8-AB74-7D42A1A902E4}"
EndProject
Project("{2150E333-8FDC-42A3-9474-1A3956D46DE8}") = "tasks", "tasks", "{15EE7701-8062-4B9D-9895-382486F870FC}"
EndProject
Project("{FAE04EC0-301F-11D3-BF4B-00C04F79EFBC}") = "sample1", "chapter1\tasks\sample1\sample1.csproj", "{1650CE47-FDD0-44B9-9305-ED6ABC2049F7}"
EndProject
Project("{FAE04EC0-301F-11D3-BF4B-00C04F79EFBC}") = "sample2", "chapter1\tasks\sample2\sample2.csproj", "{1D1F0F28-BA88-4262-BB09-8698A6AB6494}"
EndProject
Project("{FAE04EC0-301F-11D3-BF4B-00C04F79EFBC}") = "sample3", "chapter1\tasks\sample3\sample3.csproj", "{17E4F063-89EC-4471-9904-261CC1754436}"
EndProject
Project("{FAE04EC0-301F-11D3-BF4B-00C04F79EFBC}") = "sample4", "chapter1\tasks\sample4\sample4.csproj", "{545C1134-C05F-4368-939C-A8EEB8C95B2F}"
EndProject
Project("{FAE04EC0-301F-11D3-BF4B-00C04F79EFBC}") = "sample5", "chapter1\tasks\sample5\sample5.csproj", "{DB4D5FF1-CB4E-403F-943D-95E1C7932261}"
EndProject
Project("{FAE04EC0-301F-11D3-BF4B-00C04F79EFBC}") = "sample6", "chapter1\tasks\sample6\sample6.csproj", "{FD32EE46-D659-4470-8033-573CB94778D9}"
EndProject
Project("{FAE04EC0-301F-11D3-BF4B-00C04F79EFBC}") = "sample7", "chapter1\tasks\sample7\sample7.csproj", "{451F7FAD-3E42-425A-856B-E0E8C8122E36}"
EndProject
Project("{FAE04EC0-301F-11D3-BF4B-00C04F79EFBC}") = "sample8", "chapter1\tasks\sample8\sample8\sample8.csproj", "{9B225663-4393-4659-8487-D93C5D07FEA1}"
EndProject
Project("{2150E333-8FDC-42A3-9474-1A3956D46DE8}") = "parallel", "parallel", "{8E90F0E0-63B5-477D-8604-FFB9EE7388DC}"
EndProject
Project("{FAE04EC0-301F-11D3-BF4B-00C04F79EFBC}") = "sample16", "chapter1\parallel\sample16\sample16.csproj", "{4890373E-2B17-41D0-BAA9-74A962F596E7}"
EndProject
Project("{FAE04EC0-301F-11D3-BF4B-00C04F79EFBC}") = "sample17", "chapter1\parallel\sample17\sample17.csproj", "{20641B06-5FEB-426A-822C-1C13D9990846}"
EndProject
Project("{2150E333-8FDC-42A3-9474-1A3956D46DE8}") = "plinq", "plinq", "{80FF3BEA-0CF4-46CA-9ACB-73CE0E3DFAEF}"
EndProject
Project("{FAE04EC0-301F-11D3-BF4B-00C04F79EFBC}") = "sample22", "chapter1\plinq\sample22\sample22.csproj", "{0E6FDF8F-EE71-4EBF-8596-31B8D594AE1A}"
EndProject
Project("{FAE04EC0-301F-11D3-BF4B-00C04F79EFBC}") = "sample23", "chapter1\plinq\sample23\sample23.csproj", "{0A518837-9DAA-4449-813A-6E1FC8D9831A}"
EndProject
Project("{FAE04EC0-301F-11D3-BF4B-00C04F79EFBC}") = "sample24", "chapter1\plinq\sample24\sample24.csproj", "{319E5888-483E-4A34-B7B7-BB02365D2FC2}"
EndProject
Project("{FAE04EC0-301F-11D3-BF4B-00C04F79EFBC}") = "sample26", "chapter1\plinq\sample26\sample26.csproj", "{20A91F44-F095-4A32-85D5-26374314ACE6}"
EndProject
Project("{FAE04EC0-301F-11D3-BF4B-00C04F79EFBC}") = "sample27", "chapter1\plinq\sample27\sample27.csproj", "{DF222E90-8599-43D8-80D2-E9FEF53D0592}"
EndProject
Project("{2150E333-8FDC-42A3-9474-1A3956D46DE8}") = "collections", "collections", "{2CC0FDC9-FD05-4380-8EB3-FD6D5856CC2D}"
EndProject
Project("{FAE04EC0-301F-11D3-BF4B-00C04F79EFBC}") = "sample28", "chapter1\collections\sample28\sample28.csproj", "{653475D1-BE90-4BEB-8C2E-80BDE84F6329}"
EndProject
Project("{FAE04EC0-301F-11D3-BF4B-00C04F79EFBC}") = "sample29", "chapter1\collections\sample29\sample29.csproj", "{957551EE-78C5-4B31-96F3-253CBE9B299F}"
EndProject
Project("{FAE04EC0-301F-11D3-BF4B-00C04F79EFBC}") = "sample30", "chapter1\collections\sample30\sample30.csproj", "{5AE0DCAF-B652-4AB6-AD88-18AEAF76FD13}"
EndProject
Project("{FAE04EC0-301F-11D3-BF4B-00C04F79EFBC}") = "sample31", "chapter1\collections\sample31\sample31.csproj", "{AE306459-749D-4D3F-A7C6-7869221F7939}"
EndProject
Project("{FAE04EC0-301F-11D3-BF4B-00C04F79EFBC}") = "sample32", "chapter1\collections\sample32\sample32.csproj", "{98F3A219-524F-4A2F-B46A-2277F927082D}"
EndProject
Project("{FAE04EC0-301F-11D3-BF4B-00C04F79EFBC}") = "sample33", "chapter1\collections\sample33\sample33.csproj", "{6AD647D0-08B4-4A1E-9877-9660660DDB74}"
EndProject
Project("{FAE04EC0-301F-11D3-BF4B-00C04F79EFBC}") = "sample34", "chapter1\collections\sample34\sample34.csproj", "{B3061DA1-EDFE-4547-9F43-3458CD775826}"
EndProject
Project("{2150E333-8FDC-42A3-9474-1A3956D46DE8}") = "synchronizing", "synchronizing", "{E17B90D0-F237-4AA8-804A-D953B5BC1AB3}"
EndProject
Project("{FAE04EC0-301F-11D3-BF4B-00C04F79EFBC}") = "sample35", "chapter1\synchronizing\sample35\sample35.csproj", "{BDF25FFD-1612-46DB-A1D6-938C6C86481E}"
EndProject
Project("{FAE04EC0-301F-11D3-BF4B-00C04F79EFBC}") = "sample36", "chapter1\synchronizing\sample36\sample36.csproj", "{AB75A126-9922-4DAA-A8A7-9D0833E516C1}"
EndProject
Project("{FAE04EC0-301F-11D3-BF4B-00C04F79EFBC}") = "sample37", "chapter1\synchronizing\sample37\sample37.csproj", "{FD3EFC97-3F8C-4F4F-8632-0EA3D9AFF30E}"
EndProject
Project("{2150E333-8FDC-42A3-9474-1A3956D46DE8}") = "interlocked", "interlocked", "{21A0D5E5-B26A-4735-9249-40E1D0BC9707}"
EndProject
Project("{FAE04EC0-301F-11D3-BF4B-00C04F79EFBC}") = "sample40", "chapter1\Interlocked\sample40\sample40.csproj", "{8CEE34F5-A50E-490D-A6B1-1B4A534DD1DE}"
EndProject
Project("{FAE04EC0-301F-11D3-BF4B-00C04F79EFBC}") = "sample41", "chapter1\Interlocked\sample41\sample41.csproj", "{0047405A-293C-4BD5-A4C3-D3C8C9143AE5}"
EndProject
Project("{FAE04EC0-301F-11D3-BF4B-00C04F79EFBC}") = "sample41_1", "chapter1\Interlocked\sample41_1\sample41_1.csproj", "{A592D8E5-0BEF-4790-B7F6-DCE2617CDEEF}"
EndProject
Project("{2150E333-8FDC-42A3-9474-1A3956D46DE8}") = "token", "token", "{5E5E86ED-4552-4FE8-9812-7E7DCA21EB4C}"
EndProject
Project("{FAE04EC0-301F-11D3-BF4B-00C04F79EFBC}") = "sample42", "chapter1\token\sample42\sample42.csproj", "{FF171E29-E1EF-4649-A4E7-30E7506B002D}"
EndProject
Project("{FAE04EC0-301F-11D3-BF4B-00C04F79EFBC}") = "sample43", "chapter1\token\sample43\sample43.csproj", "{9F53A6AB-8E7D-4A62-8138-9A3F7C3F6F6B}"
EndProject
Project("{FAE04EC0-301F-11D3-BF4B-00C04F79EFBC}") = "sample44", "chapter1\token\sample44\sample44.csproj", "{499C48CF-1FDF-492C-A790-489A011C0221}"
EndProject
Project("{FAE04EC0-301F-11D3-BF4B-00C04F79EFBC}") = "sample45", "chapter1\token\sample45\sample45.csproj", "{2EEF7974-F99B-4523-9E28-601A2105F5EC}"
EndProject
Project("{2150E333-8FDC-42A3-9474-1A3956D46DE8}") = "events", "events", "{D6D3F93A-4EFF-48EA-B44D-9A35242AF2D5}"
EndProject
Project("{FAE04EC0-301F-11D3-BF4B-00C04F79EFBC}") = "sample84", "chapter1\events\sample84\sample84.csproj", "{8D0C7C9E-9D75-45D3-89FA-E9C3F4AB65A4}"
EndProject
Project("{FAE04EC0-301F-11D3-BF4B-00C04F79EFBC}") = "sample85", "chapter1\events\sample85\sample85.csproj", "{7D49CD8C-40F0-476B-81BD-4DA354EDFD6B}"
EndProject
Project("{FAE04EC0-301F-11D3-BF4B-00C04F79EFBC}") = "sample86", "chapter1\events\sample86\sample86.csproj", "{115A76FA-B5DB-4EF9-9609-ECD97D46AFFC}"
EndProject
Project("{2150E333-8FDC-42A3-9474-1A3956D46DE8}") = "exceptions", "exceptions", "{82369C62-879B-4D89-B8A8-C4AA256582C5}"
EndProject
Project("{FAE04EC0-301F-11D3-BF4B-00C04F79EFBC}") = "sample97", "chapter1\exceptions\sample97\sample97.csproj", "{8FB28268-F9E4-4637-B75F-45395A3A469F}"
EndProject
Project("{2150E333-8FDC-42A3-9474-1A3956D46DE8}") = "casting", "casting", "{5A7BE9D7-909E-440A-BFF0-47B1CAD24156}"
EndProject
Project("{FAE04EC0-301F-11D3-BF4B-00C04F79EFBC}") = "sample24", "chapter2\casting\sample24\sample24.csproj", "{7F0A851D-F25B-4F15-8320-138E4648120F}"
EndProject
Project("{2150E333-8FDC-42A3-9474-1A3956D46DE8}") = "dynamic", "dynamic", "{2939D2A0-F52D-4C2A-A8C4-089D4CBA30B9}"
EndProject
Project("{FAE04EC0-301F-11D3-BF4B-00C04F79EFBC}") = "sample28", "chapter2\dynamic\sample28\sample28.csproj", "{3D295E64-E959-4F76-8200-5283B334A4A2}"
EndProject
Project("{FAE04EC0-301F-11D3-BF4B-00C04F79EFBC}") = "sample29", "chapter2\dynamic\sample29\sample29.csproj", "{2A926117-482B-47EF-9C24-A9FB4FE16FF9}"
EndProject
Project("{2150E333-8FDC-42A3-9474-1A3956D46DE8}") = "types", "types", "{EF86FD41-37D9-4521-BB16-22A314EAB301}"
EndProject
Project("{FAE04EC0-301F-11D3-BF4B-00C04F79EFBC}") = "sample35", "chapter2\types\sample35\sample35.csproj", "{CCD0DC0A-5CD8-4EB8-A253-08E45848E181}"
EndProject
Project("{2150E333-8FDC-42A3-9474-1A3956D46DE8}") = "interfaces", "interfaces", "{E4C075A6-6EE4-47B1-B689-CF5886F3A9B1}"
EndProject
Project("{FAE04EC0-301F-11D3-BF4B-00C04F79EFBC}") = "sample40", "chapter2\interfaces\sample40\sample40.csproj", "{B9A6960B-930F-4094-9187-6B9969888BD4}"
EndProject
Project("{2150E333-8FDC-42A3-9474-1A3956D46DE8}") = "hierarchy", "hierarchy", "{556EF3FD-B300-44FA-9575-F618318DC124}"
EndProject
Project("{FAE04EC0-301F-11D3-BF4B-00C04F79EFBC}") = "sample41", "chapter2\hierarchy\sample41\sample41.csproj", "{209CD582-EFD6-41F4-AFC3-336279B1C19F}"
EndProject
Project("{FAE04EC0-301F-11D3-BF4B-00C04F79EFBC}") = "sample46", "chapter2\hierarchy\sample46\sample46.csproj", "{0B57CD77-0BDD-48A1-82DA-2EC186A06E0A}"
EndProject
Project("{2150E333-8FDC-42A3-9474-1A3956D46DE8}") = "reflection", "reflection", "{82A7142B-E60A-407F-A4EF-3B94B63D1959}"
EndProject
Project("{FAE04EC0-301F-11D3-BF4B-00C04F79EFBC}") = "sample73", "chapter2\reflection\sample73\sample73.csproj", "{41924E37-9156-4425-990A-E64E1C162D52}"
EndProject
Project("{2150E333-8FDC-42A3-9474-1A3956D46DE8}") = "codedom", "codedom", "{01875944-AB5A-4BBC-A591-DDC66F17B301}"
EndProject
Project("{FAE04EC0-301F-11D3-BF4B-00C04F79EFBC}") = "sample74", "chapter2\codedom\sample74\sample74.csproj", "{CC42D1D7-DEB8-4A66-A327-A0AB4EED3A5A}"
EndProject
Project("{2150E333-8FDC-42A3-9474-1A3956D46DE8}") = "lambda", "lambda", "{D1950A1A-B831-486F-8960-B872C02F4267}"
EndProject
Project("{FAE04EC0-301F-11D3-BF4B-00C04F79EFBC}") = "sample77", "chapter2\lambda\sample77\sample77.csproj", "{B5AC7F01-460A-424A-99C4-3943DD069442}"
EndProject
Project("{2150E333-8FDC-42A3-9474-1A3956D46DE8}") = "expression", "expression", "{1369AF9C-C7BF-443D-9E60-40F9E31E9FDE}"
EndProject
Project("{FAE04EC0-301F-11D3-BF4B-00C04F79EFBC}") = "sample78", "chapter2\expression\sample78\sample78.csproj", "{BF768B12-FF6D-43FC-9266-6153E3C21908}"
EndProject
Project("{2150E333-8FDC-42A3-9474-1A3956D46DE8}") = "idisposable", "idisposable", "{85E1CB84-B808-485E-B95D-F3F35AE1FF6F}"
EndProject
Project("{FAE04EC0-301F-11D3-BF4B-00C04F79EFBC}") = "sample84", "chapter2\idisposable\sample84\sample84.csproj", "{3B5752AC-7C0D-4439-9C17-49FF39C1814B}"
EndProject
Project("{2150E333-8FDC-42A3-9474-1A3956D46DE8}") = "weak", "weak", "{1A312098-837F-4574-B112-A1EEB8DD84E9}"
EndProject
Project("{FAE04EC0-301F-11D3-BF4B-00C04F79EFBC}") = "sample85", "chapter2\weak\sample85\sample85.csproj", "{19421D34-EA3D-4A3F-AA66-8E4B50AB19C3}"
EndProject
Project("{2150E333-8FDC-42A3-9474-1A3956D46DE8}") = "strings", "strings", "{51182FDC-1FB0-4B28-B99A-DD874A339899}"
EndProject
Project("{FAE04EC0-301F-11D3-BF4B-00C04F79EFBC}") = "sample89", "chapter2\strings\sample89\sample89.csproj", "{D8273229-EF61-4DEB-8F19-9997B76BF37E}"
EndProject
Global
	GlobalSection(SolutionConfigurationPlatforms) = preSolution
		Debug|Any CPU = Debug|Any CPU
		Release|Any CPU = Release|Any CPU
	EndGlobalSection
	GlobalSection(ProjectConfigurationPlatforms) = postSolution
		{B71A0EEA-F738-405B-B3F1-91B14CE1975C}.Debug|Any CPU.ActiveCfg = Debug|Any CPU
		{B71A0EEA-F738-405B-B3F1-91B14CE1975C}.Debug|Any CPU.Build.0 = Debug|Any CPU
		{B71A0EEA-F738-405B-B3F1-91B14CE1975C}.Release|Any CPU.ActiveCfg = Release|Any CPU
		{B71A0EEA-F738-405B-B3F1-91B14CE1975C}.Release|Any CPU.Build.0 = Release|Any CPU
		{34C83D32-0966-475E-9025-573FADF10A3A}.Debug|Any CPU.ActiveCfg = Debug|Any CPU
		{34C83D32-0966-475E-9025-573FADF10A3A}.Debug|Any CPU.Build.0 = Debug|Any CPU
		{34C83D32-0966-475E-9025-573FADF10A3A}.Release|Any CPU.ActiveCfg = Release|Any CPU
		{34C83D32-0966-475E-9025-573FADF10A3A}.Release|Any CPU.Build.0 = Release|Any CPU
		{85E3B406-EDDE-4CAA-85B9-91C34169FD8A}.Debug|Any CPU.ActiveCfg = Debug|Any CPU
		{85E3B406-EDDE-4CAA-85B9-91C34169FD8A}.Debug|Any CPU.Build.0 = Debug|Any CPU
		{85E3B406-EDDE-4CAA-85B9-91C34169FD8A}.Release|Any CPU.ActiveCfg = Release|Any CPU
		{85E3B406-EDDE-4CAA-85B9-91C34169FD8A}.Release|Any CPU.Build.0 = Release|Any CPU
		{D227505B-1F00-4CBC-A5FA-F3A6D94A2FCF}.Debug|Any CPU.ActiveCfg = Debug|Any CPU
		{D227505B-1F00-4CBC-A5FA-F3A6D94A2FCF}.Debug|Any CPU.Build.0 = Debug|Any CPU
		{D227505B-1F00-4CBC-A5FA-F3A6D94A2FCF}.Release|Any CPU.ActiveCfg = Release|Any CPU
		{D227505B-1F00-4CBC-A5FA-F3A6D94A2FCF}.Release|Any CPU.Build.0 = Release|Any CPU
		{C31A312D-B694-457E-8B37-68CBEF621265}.Debug|Any CPU.ActiveCfg = Debug|Any CPU
		{C31A312D-B694-457E-8B37-68CBEF621265}.Debug|Any CPU.Build.0 = Debug|Any CPU
		{C31A312D-B694-457E-8B37-68CBEF621265}.Release|Any CPU.ActiveCfg = Release|Any CPU
		{C31A312D-B694-457E-8B37-68CBEF621265}.Release|Any CPU.Build.0 = Release|Any CPU
		{D74754F2-B944-4F7B-9E92-CE731EA635F2}.Debug|Any CPU.ActiveCfg = Debug|Any CPU
		{D74754F2-B944-4F7B-9E92-CE731EA635F2}.Debug|Any CPU.Build.0 = Debug|Any CPU
		{D74754F2-B944-4F7B-9E92-CE731EA635F2}.Release|Any CPU.ActiveCfg = Release|Any CPU
		{D74754F2-B944-4F7B-9E92-CE731EA635F2}.Release|Any CPU.Build.0 = Release|Any CPU
		{AFD41FCA-179B-45E8-AB74-7D42A1A902E4}.Debug|Any CPU.ActiveCfg = Debug|Any CPU
		{AFD41FCA-179B-45E8-AB74-7D42A1A902E4}.Debug|Any CPU.Build.0 = Debug|Any CPU
		{AFD41FCA-179B-45E8-AB74-7D42A1A902E4}.Release|Any CPU.ActiveCfg = Release|Any CPU
		{AFD41FCA-179B-45E8-AB74-7D42A1A902E4}.Release|Any CPU.Build.0 = Release|Any CPU
		{1650CE47-FDD0-44B9-9305-ED6ABC2049F7}.Debug|Any CPU.ActiveCfg = Debug|Any CPU
		{1650CE47-FDD0-44B9-9305-ED6ABC2049F7}.Debug|Any CPU.Build.0 = Debug|Any CPU
		{1650CE47-FDD0-44B9-9305-ED6ABC2049F7}.Release|Any CPU.ActiveCfg = Release|Any CPU
		{1650CE47-FDD0-44B9-9305-ED6ABC2049F7}.Release|Any CPU.Build.0 = Release|Any CPU
		{1D1F0F28-BA88-4262-BB09-8698A6AB6494}.Debug|Any CPU.ActiveCfg = Debug|Any CPU
		{1D1F0F28-BA88-4262-BB09-8698A6AB6494}.Debug|Any CPU.Build.0 = Debug|Any CPU
		{1D1F0F28-BA88-4262-BB09-8698A6AB6494}.Release|Any CPU.ActiveCfg = Release|Any CPU
		{1D1F0F28-BA88-4262-BB09-8698A6AB6494}.Release|Any CPU.Build.0 = Release|Any CPU
		{17E4F063-89EC-4471-9904-261CC1754436}.Debug|Any CPU.ActiveCfg = Debug|Any CPU
		{17E4F063-89EC-4471-9904-261CC1754436}.Debug|Any CPU.Build.0 = Debug|Any CPU
		{17E4F063-89EC-4471-9904-261CC1754436}.Release|Any CPU.ActiveCfg = Release|Any CPU
		{17E4F063-89EC-4471-9904-261CC1754436}.Release|Any CPU.Build.0 = Release|Any CPU
		{545C1134-C05F-4368-939C-A8EEB8C95B2F}.Debug|Any CPU.ActiveCfg = Debug|Any CPU
		{545C1134-C05F-4368-939C-A8EEB8C95B2F}.Debug|Any CPU.Build.0 = Debug|Any CPU
		{545C1134-C05F-4368-939C-A8EEB8C95B2F}.Release|Any CPU.ActiveCfg = Release|Any CPU
		{545C1134-C05F-4368-939C-A8EEB8C95B2F}.Release|Any CPU.Build.0 = Release|Any CPU
		{DB4D5FF1-CB4E-403F-943D-95E1C7932261}.Debug|Any CPU.ActiveCfg = Debug|Any CPU
		{DB4D5FF1-CB4E-403F-943D-95E1C7932261}.Debug|Any CPU.Build.0 = Debug|Any CPU
		{DB4D5FF1-CB4E-403F-943D-95E1C7932261}.Release|Any CPU.ActiveCfg = Release|Any CPU
		{DB4D5FF1-CB4E-403F-943D-95E1C7932261}.Release|Any CPU.Build.0 = Release|Any CPU
		{FD32EE46-D659-4470-8033-573CB94778D9}.Debug|Any CPU.ActiveCfg = Debug|Any CPU
		{FD32EE46-D659-4470-8033-573CB94778D9}.Debug|Any CPU.Build.0 = Debug|Any CPU
		{FD32EE46-D659-4470-8033-573CB94778D9}.Release|Any CPU.ActiveCfg = Release|Any CPU
		{FD32EE46-D659-4470-8033-573CB94778D9}.Release|Any CPU.Build.0 = Release|Any CPU
		{451F7FAD-3E42-425A-856B-E0E8C8122E36}.Debug|Any CPU.ActiveCfg = Debug|Any CPU
		{451F7FAD-3E42-425A-856B-E0E8C8122E36}.Debug|Any CPU.Build.0 = Debug|Any CPU
		{451F7FAD-3E42-425A-856B-E0E8C8122E36}.Release|Any CPU.ActiveCfg = Release|Any CPU
		{451F7FAD-3E42-425A-856B-E0E8C8122E36}.Release|Any CPU.Build.0 = Release|Any CPU
		{9B225663-4393-4659-8487-D93C5D07FEA1}.Debug|Any CPU.ActiveCfg = Debug|Any CPU
		{9B225663-4393-4659-8487-D93C5D07FEA1}.Debug|Any CPU.Build.0 = Debug|Any CPU
		{9B225663-4393-4659-8487-D93C5D07FEA1}.Release|Any CPU.ActiveCfg = Release|Any CPU
		{9B225663-4393-4659-8487-D93C5D07FEA1}.Release|Any CPU.Build.0 = Release|Any CPU
		{4890373E-2B17-41D0-BAA9-74A962F596E7}.Debug|Any CPU.ActiveCfg = Debug|Any CPU
		{4890373E-2B17-41D0-BAA9-74A962F596E7}.Debug|Any CPU.Build.0 = Debug|Any CPU
		{4890373E-2B17-41D0-BAA9-74A962F596E7}.Release|Any CPU.ActiveCfg = Release|Any CPU
		{4890373E-2B17-41D0-BAA9-74A962F596E7}.Release|Any CPU.Build.0 = Release|Any CPU
		{20641B06-5FEB-426A-822C-1C13D9990846}.Debug|Any CPU.ActiveCfg = Debug|Any CPU
		{20641B06-5FEB-426A-822C-1C13D9990846}.Debug|Any CPU.Build.0 = Debug|Any CPU
		{20641B06-5FEB-426A-822C-1C13D9990846}.Release|Any CPU.ActiveCfg = Release|Any CPU
		{20641B06-5FEB-426A-822C-1C13D9990846}.Release|Any CPU.Build.0 = Release|Any CPU
		{0E6FDF8F-EE71-4EBF-8596-31B8D594AE1A}.Debug|Any CPU.ActiveCfg = Debug|Any CPU
		{0E6FDF8F-EE71-4EBF-8596-31B8D594AE1A}.Debug|Any CPU.Build.0 = Debug|Any CPU
		{0E6FDF8F-EE71-4EBF-8596-31B8D594AE1A}.Release|Any CPU.ActiveCfg = Release|Any CPU
		{0E6FDF8F-EE71-4EBF-8596-31B8D594AE1A}.Release|Any CPU.Build.0 = Release|Any CPU
		{0A518837-9DAA-4449-813A-6E1FC8D9831A}.Debug|Any CPU.ActiveCfg = Debug|Any CPU
		{0A518837-9DAA-4449-813A-6E1FC8D9831A}.Debug|Any CPU.Build.0 = Debug|Any CPU
		{0A518837-9DAA-4449-813A-6E1FC8D9831A}.Release|Any CPU.ActiveCfg = Release|Any CPU
		{0A518837-9DAA-4449-813A-6E1FC8D9831A}.Release|Any CPU.Build.0 = Release|Any CPU
		{319E5888-483E-4A34-B7B7-BB02365D2FC2}.Debug|Any CPU.ActiveCfg = Debug|Any CPU
		{319E5888-483E-4A34-B7B7-BB02365D2FC2}.Debug|Any CPU.Build.0 = Debug|Any CPU
		{319E5888-483E-4A34-B7B7-BB02365D2FC2}.Release|Any CPU.ActiveCfg = Release|Any CPU
		{319E5888-483E-4A34-B7B7-BB02365D2FC2}.Release|Any CPU.Build.0 = Release|Any CPU
		{20A91F44-F095-4A32-85D5-26374314ACE6}.Debug|Any CPU.ActiveCfg = Debug|Any CPU
		{20A91F44-F095-4A32-85D5-26374314ACE6}.Debug|Any CPU.Build.0 = Debug|Any CPU
		{20A91F44-F095-4A32-85D5-26374314ACE6}.Release|Any CPU.ActiveCfg = Release|Any CPU
		{20A91F44-F095-4A32-85D5-26374314ACE6}.Release|Any CPU.Build.0 = Release|Any CPU
		{DF222E90-8599-43D8-80D2-E9FEF53D0592}.Debug|Any CPU.ActiveCfg = Debug|Any CPU
		{DF222E90-8599-43D8-80D2-E9FEF53D0592}.Debug|Any CPU.Build.0 = Debug|Any CPU
		{DF222E90-8599-43D8-80D2-E9FEF53D0592}.Release|Any CPU.ActiveCfg = Release|Any CPU
		{DF222E90-8599-43D8-80D2-E9FEF53D0592}.Release|Any CPU.Build.0 = Release|Any CPU
		{653475D1-BE90-4BEB-8C2E-80BDE84F6329}.Debug|Any CPU.ActiveCfg = Debug|Any CPU
		{653475D1-BE90-4BEB-8C2E-80BDE84F6329}.Debug|Any CPU.Build.0 = Debug|Any CPU
		{653475D1-BE90-4BEB-8C2E-80BDE84F6329}.Release|Any CPU.ActiveCfg = Release|Any CPU
		{653475D1-BE90-4BEB-8C2E-80BDE84F6329}.Release|Any CPU.Build.0 = Release|Any CPU
		{957551EE-78C5-4B31-96F3-253CBE9B299F}.Debug|Any CPU.ActiveCfg = Debug|Any CPU
		{957551EE-78C5-4B31-96F3-253CBE9B299F}.Debug|Any CPU.Build.0 = Debug|Any CPU
		{957551EE-78C5-4B31-96F3-253CBE9B299F}.Release|Any CPU.ActiveCfg = Release|Any CPU
		{957551EE-78C5-4B31-96F3-253CBE9B299F}.Release|Any CPU.Build.0 = Release|Any CPU
		{5AE0DCAF-B652-4AB6-AD88-18AEAF76FD13}.Debug|Any CPU.ActiveCfg = Debug|Any CPU
		{5AE0DCAF-B652-4AB6-AD88-18AEAF76FD13}.Debug|Any CPU.Build.0 = Debug|Any CPU
		{5AE0DCAF-B652-4AB6-AD88-18AEAF76FD13}.Release|Any CPU.ActiveCfg = Release|Any CPU
		{5AE0DCAF-B652-4AB6-AD88-18AEAF76FD13}.Release|Any CPU.Build.0 = Release|Any CPU
		{AE306459-749D-4D3F-A7C6-7869221F7939}.Debug|Any CPU.ActiveCfg = Debug|Any CPU
		{AE306459-749D-4D3F-A7C6-7869221F7939}.Debug|Any CPU.Build.0 = Debug|Any CPU
		{AE306459-749D-4D3F-A7C6-7869221F7939}.Release|Any CPU.ActiveCfg = Release|Any CPU
		{AE306459-749D-4D3F-A7C6-7869221F7939}.Release|Any CPU.Build.0 = Release|Any CPU
		{98F3A219-524F-4A2F-B46A-2277F927082D}.Debug|Any CPU.ActiveCfg = Debug|Any CPU
		{98F3A219-524F-4A2F-B46A-2277F927082D}.Debug|Any CPU.Build.0 = Debug|Any CPU
		{98F3A219-524F-4A2F-B46A-2277F927082D}.Release|Any CPU.ActiveCfg = Release|Any CPU
		{98F3A219-524F-4A2F-B46A-2277F927082D}.Release|Any CPU.Build.0 = Release|Any CPU
		{6AD647D0-08B4-4A1E-9877-9660660DDB74}.Debug|Any CPU.ActiveCfg = Debug|Any CPU
		{6AD647D0-08B4-4A1E-9877-9660660DDB74}.Debug|Any CPU.Build.0 = Debug|Any CPU
		{6AD647D0-08B4-4A1E-9877-9660660DDB74}.Release|Any CPU.ActiveCfg = Release|Any CPU
		{6AD647D0-08B4-4A1E-9877-9660660DDB74}.Release|Any CPU.Build.0 = Release|Any CPU
		{B3061DA1-EDFE-4547-9F43-3458CD775826}.Debug|Any CPU.ActiveCfg = Debug|Any CPU
		{B3061DA1-EDFE-4547-9F43-3458CD775826}.Debug|Any CPU.Build.0 = Debug|Any CPU
		{B3061DA1-EDFE-4547-9F43-3458CD775826}.Release|Any CPU.ActiveCfg = Release|Any CPU
		{B3061DA1-EDFE-4547-9F43-3458CD775826}.Release|Any CPU.Build.0 = Release|Any CPU
		{BDF25FFD-1612-46DB-A1D6-938C6C86481E}.Debug|Any CPU.ActiveCfg = Debug|Any CPU
		{BDF25FFD-1612-46DB-A1D6-938C6C86481E}.Debug|Any CPU.Build.0 = Debug|Any CPU
		{BDF25FFD-1612-46DB-A1D6-938C6C86481E}.Release|Any CPU.ActiveCfg = Release|Any CPU
		{BDF25FFD-1612-46DB-A1D6-938C6C86481E}.Release|Any CPU.Build.0 = Release|Any CPU
		{AB75A126-9922-4DAA-A8A7-9D0833E516C1}.Debug|Any CPU.ActiveCfg = Debug|Any CPU
		{AB75A126-9922-4DAA-A8A7-9D0833E516C1}.Debug|Any CPU.Build.0 = Debug|Any CPU
		{AB75A126-9922-4DAA-A8A7-9D0833E516C1}.Release|Any CPU.ActiveCfg = Release|Any CPU
		{AB75A126-9922-4DAA-A8A7-9D0833E516C1}.Release|Any CPU.Build.0 = Release|Any CPU
		{FD3EFC97-3F8C-4F4F-8632-0EA3D9AFF30E}.Debug|Any CPU.ActiveCfg = Debug|Any CPU
		{FD3EFC97-3F8C-4F4F-8632-0EA3D9AFF30E}.Debug|Any CPU.Build.0 = Debug|Any CPU
		{FD3EFC97-3F8C-4F4F-8632-0EA3D9AFF30E}.Release|Any CPU.ActiveCfg = Release|Any CPU
		{FD3EFC97-3F8C-4F4F-8632-0EA3D9AFF30E}.Release|Any CPU.Build.0 = Release|Any CPU
		{8CEE34F5-A50E-490D-A6B1-1B4A534DD1DE}.Debug|Any CPU.ActiveCfg = Debug|Any CPU
		{8CEE34F5-A50E-490D-A6B1-1B4A534DD1DE}.Debug|Any CPU.Build.0 = Debug|Any CPU
		{8CEE34F5-A50E-490D-A6B1-1B4A534DD1DE}.Release|Any CPU.ActiveCfg = Release|Any CPU
		{8CEE34F5-A50E-490D-A6B1-1B4A534DD1DE}.Release|Any CPU.Build.0 = Release|Any CPU
		{0047405A-293C-4BD5-A4C3-D3C8C9143AE5}.Debug|Any CPU.ActiveCfg = Debug|Any CPU
		{0047405A-293C-4BD5-A4C3-D3C8C9143AE5}.Debug|Any CPU.Build.0 = Debug|Any CPU
		{0047405A-293C-4BD5-A4C3-D3C8C9143AE5}.Release|Any CPU.ActiveCfg = Release|Any CPU
		{0047405A-293C-4BD5-A4C3-D3C8C9143AE5}.Release|Any CPU.Build.0 = Release|Any CPU
		{A592D8E5-0BEF-4790-B7F6-DCE2617CDEEF}.Debug|Any CPU.ActiveCfg = Debug|Any CPU
		{A592D8E5-0BEF-4790-B7F6-DCE2617CDEEF}.Debug|Any CPU.Build.0 = Debug|Any CPU
		{A592D8E5-0BEF-4790-B7F6-DCE2617CDEEF}.Release|Any CPU.ActiveCfg = Release|Any CPU
		{A592D8E5-0BEF-4790-B7F6-DCE2617CDEEF}.Release|Any CPU.Build.0 = Release|Any CPU
		{FF171E29-E1EF-4649-A4E7-30E7506B002D}.Debug|Any CPU.ActiveCfg = Debug|Any CPU
		{FF171E29-E1EF-4649-A4E7-30E7506B002D}.Debug|Any CPU.Build.0 = Debug|Any CPU
		{FF171E29-E1EF-4649-A4E7-30E7506B002D}.Release|Any CPU.ActiveCfg = Release|Any CPU
		{FF171E29-E1EF-4649-A4E7-30E7506B002D}.Release|Any CPU.Build.0 = Release|Any CPU
		{9F53A6AB-8E7D-4A62-8138-9A3F7C3F6F6B}.Debug|Any CPU.ActiveCfg = Debug|Any CPU
		{9F53A6AB-8E7D-4A62-8138-9A3F7C3F6F6B}.Debug|Any CPU.Build.0 = Debug|Any CPU
		{9F53A6AB-8E7D-4A62-8138-9A3F7C3F6F6B}.Release|Any CPU.ActiveCfg = Release|Any CPU
		{9F53A6AB-8E7D-4A62-8138-9A3F7C3F6F6B}.Release|Any CPU.Build.0 = Release|Any CPU
		{499C48CF-1FDF-492C-A790-489A011C0221}.Debug|Any CPU.ActiveCfg = Debug|Any CPU
		{499C48CF-1FDF-492C-A790-489A011C0221}.Debug|Any CPU.Build.0 = Debug|Any CPU
		{499C48CF-1FDF-492C-A790-489A011C0221}.Release|Any CPU.ActiveCfg = Release|Any CPU
		{499C48CF-1FDF-492C-A790-489A011C0221}.Release|Any CPU.Build.0 = Release|Any CPU
		{2EEF7974-F99B-4523-9E28-601A2105F5EC}.Debug|Any CPU.ActiveCfg = Debug|Any CPU
		{2EEF7974-F99B-4523-9E28-601A2105F5EC}.Debug|Any CPU.Build.0 = Debug|Any CPU
		{2EEF7974-F99B-4523-9E28-601A2105F5EC}.Release|Any CPU.ActiveCfg = Release|Any CPU
		{2EEF7974-F99B-4523-9E28-601A2105F5EC}.Release|Any CPU.Build.0 = Release|Any CPU
		{8D0C7C9E-9D75-45D3-89FA-E9C3F4AB65A4}.Debug|Any CPU.ActiveCfg = Debug|Any CPU
		{8D0C7C9E-9D75-45D3-89FA-E9C3F4AB65A4}.Debug|Any CPU.Build.0 = Debug|Any CPU
		{8D0C7C9E-9D75-45D3-89FA-E9C3F4AB65A4}.Release|Any CPU.ActiveCfg = Release|Any CPU
		{8D0C7C9E-9D75-45D3-89FA-E9C3F4AB65A4}.Release|Any CPU.Build.0 = Release|Any CPU
		{7D49CD8C-40F0-476B-81BD-4DA354EDFD6B}.Debug|Any CPU.ActiveCfg = Debug|Any CPU
		{7D49CD8C-40F0-476B-81BD-4DA354EDFD6B}.Debug|Any CPU.Build.0 = Debug|Any CPU
		{7D49CD8C-40F0-476B-81BD-4DA354EDFD6B}.Release|Any CPU.ActiveCfg = Release|Any CPU
		{7D49CD8C-40F0-476B-81BD-4DA354EDFD6B}.Release|Any CPU.Build.0 = Release|Any CPU
		{115A76FA-B5DB-4EF9-9609-ECD97D46AFFC}.Debug|Any CPU.ActiveCfg = Debug|Any CPU
		{115A76FA-B5DB-4EF9-9609-ECD97D46AFFC}.Debug|Any CPU.Build.0 = Debug|Any CPU
		{115A76FA-B5DB-4EF9-9609-ECD97D46AFFC}.Release|Any CPU.ActiveCfg = Release|Any CPU
		{115A76FA-B5DB-4EF9-9609-ECD97D46AFFC}.Release|Any CPU.Build.0 = Release|Any CPU
		{8FB28268-F9E4-4637-B75F-45395A3A469F}.Debug|Any CPU.ActiveCfg = Debug|Any CPU
		{8FB28268-F9E4-4637-B75F-45395A3A469F}.Debug|Any CPU.Build.0 = Debug|Any CPU
		{8FB28268-F9E4-4637-B75F-45395A3A469F}.Release|Any CPU.ActiveCfg = Release|Any CPU
		{8FB28268-F9E4-4637-B75F-45395A3A469F}.Release|Any CPU.Build.0 = Release|Any CPU
		{7F0A851D-F25B-4F15-8320-138E4648120F}.Debug|Any CPU.ActiveCfg = Debug|Any CPU
		{7F0A851D-F25B-4F15-8320-138E4648120F}.Debug|Any CPU.Build.0 = Debug|Any CPU
		{7F0A851D-F25B-4F15-8320-138E4648120F}.Release|Any CPU.ActiveCfg = Release|Any CPU
		{7F0A851D-F25B-4F15-8320-138E4648120F}.Release|Any CPU.Build.0 = Release|Any CPU
		{3D295E64-E959-4F76-8200-5283B334A4A2}.Debug|Any CPU.ActiveCfg = Debug|Any CPU
		{3D295E64-E959-4F76-8200-5283B334A4A2}.Debug|Any CPU.Build.0 = Debug|Any CPU
		{3D295E64-E959-4F76-8200-5283B334A4A2}.Release|Any CPU.ActiveCfg = Release|Any CPU
		{3D295E64-E959-4F76-8200-5283B334A4A2}.Release|Any CPU.Build.0 = Release|Any CPU
		{2A926117-482B-47EF-9C24-A9FB4FE16FF9}.Debug|Any CPU.ActiveCfg = Debug|Any CPU
		{2A926117-482B-47EF-9C24-A9FB4FE16FF9}.Debug|Any CPU.Build.0 = Debug|Any CPU
		{2A926117-482B-47EF-9C24-A9FB4FE16FF9}.Release|Any CPU.ActiveCfg = Release|Any CPU
		{2A926117-482B-47EF-9C24-A9FB4FE16FF9}.Release|Any CPU.Build.0 = Release|Any CPU
		{CCD0DC0A-5CD8-4EB8-A253-08E45848E181}.Debug|Any CPU.ActiveCfg = Debug|Any CPU
		{CCD0DC0A-5CD8-4EB8-A253-08E45848E181}.Debug|Any CPU.Build.0 = Debug|Any CPU
		{CCD0DC0A-5CD8-4EB8-A253-08E45848E181}.Release|Any CPU.ActiveCfg = Release|Any CPU
		{CCD0DC0A-5CD8-4EB8-A253-08E45848E181}.Release|Any CPU.Build.0 = Release|Any CPU
		{B9A6960B-930F-4094-9187-6B9969888BD4}.Debug|Any CPU.ActiveCfg = Debug|Any CPU
		{B9A6960B-930F-4094-9187-6B9969888BD4}.Debug|Any CPU.Build.0 = Debug|Any CPU
		{B9A6960B-930F-4094-9187-6B9969888BD4}.Release|Any CPU.ActiveCfg = Release|Any CPU
		{B9A6960B-930F-4094-9187-6B9969888BD4}.Release|Any CPU.Build.0 = Release|Any CPU
		{209CD582-EFD6-41F4-AFC3-336279B1C19F}.Debug|Any CPU.ActiveCfg = Debug|Any CPU
		{209CD582-EFD6-41F4-AFC3-336279B1C19F}.Debug|Any CPU.Build.0 = Debug|Any CPU
		{209CD582-EFD6-41F4-AFC3-336279B1C19F}.Release|Any CPU.ActiveCfg = Release|Any CPU
		{209CD582-EFD6-41F4-AFC3-336279B1C19F}.Release|Any CPU.Build.0 = Release|Any CPU
		{0B57CD77-0BDD-48A1-82DA-2EC186A06E0A}.Debug|Any CPU.ActiveCfg = Debug|Any CPU
		{0B57CD77-0BDD-48A1-82DA-2EC186A06E0A}.Debug|Any CPU.Build.0 = Debug|Any CPU
		{0B57CD77-0BDD-48A1-82DA-2EC186A06E0A}.Release|Any CPU.ActiveCfg = Release|Any CPU
		{0B57CD77-0BDD-48A1-82DA-2EC186A06E0A}.Release|Any CPU.Build.0 = Release|Any CPU
		{41924E37-9156-4425-990A-E64E1C162D52}.Debug|Any CPU.ActiveCfg = Debug|Any CPU
		{41924E37-9156-4425-990A-E64E1C162D52}.Debug|Any CPU.Build.0 = Debug|Any CPU
		{41924E37-9156-4425-990A-E64E1C162D52}.Release|Any CPU.ActiveCfg = Release|Any CPU
		{41924E37-9156-4425-990A-E64E1C162D52}.Release|Any CPU.Build.0 = Release|Any CPU
		{CC42D1D7-DEB8-4A66-A327-A0AB4EED3A5A}.Debug|Any CPU.ActiveCfg = Debug|Any CPU
		{CC42D1D7-DEB8-4A66-A327-A0AB4EED3A5A}.Debug|Any CPU.Build.0 = Debug|Any CPU
		{CC42D1D7-DEB8-4A66-A327-A0AB4EED3A5A}.Release|Any CPU.ActiveCfg = Release|Any CPU
		{CC42D1D7-DEB8-4A66-A327-A0AB4EED3A5A}.Release|Any CPU.Build.0 = Release|Any CPU
		{B5AC7F01-460A-424A-99C4-3943DD069442}.Debug|Any CPU.ActiveCfg = Debug|Any CPU
		{B5AC7F01-460A-424A-99C4-3943DD069442}.Debug|Any CPU.Build.0 = Debug|Any CPU
		{B5AC7F01-460A-424A-99C4-3943DD069442}.Release|Any CPU.ActiveCfg = Release|Any CPU
		{B5AC7F01-460A-424A-99C4-3943DD069442}.Release|Any CPU.Build.0 = Release|Any CPU
		{BF768B12-FF6D-43FC-9266-6153E3C21908}.Debug|Any CPU.ActiveCfg = Debug|Any CPU
		{BF768B12-FF6D-43FC-9266-6153E3C21908}.Debug|Any CPU.Build.0 = Debug|Any CPU
		{BF768B12-FF6D-43FC-9266-6153E3C21908}.Release|Any CPU.ActiveCfg = Release|Any CPU
		{BF768B12-FF6D-43FC-9266-6153E3C21908}.Release|Any CPU.Build.0 = Release|Any CPU
		{3B5752AC-7C0D-4439-9C17-49FF39C1814B}.Debug|Any CPU.ActiveCfg = Debug|Any CPU
		{3B5752AC-7C0D-4439-9C17-49FF39C1814B}.Debug|Any CPU.Build.0 = Debug|Any CPU
		{3B5752AC-7C0D-4439-9C17-49FF39C1814B}.Release|Any CPU.ActiveCfg = Release|Any CPU
		{3B5752AC-7C0D-4439-9C17-49FF39C1814B}.Release|Any CPU.Build.0 = Release|Any CPU
		{19421D34-EA3D-4A3F-AA66-8E4B50AB19C3}.Debug|Any CPU.ActiveCfg = Debug|Any CPU
		{19421D34-EA3D-4A3F-AA66-8E4B50AB19C3}.Debug|Any CPU.Build.0 = Debug|Any CPU
		{19421D34-EA3D-4A3F-AA66-8E4B50AB19C3}.Release|Any CPU.ActiveCfg = Release|Any CPU
		{19421D34-EA3D-4A3F-AA66-8E4B50AB19C3}.Release|Any CPU.Build.0 = Release|Any CPU
		{D8273229-EF61-4DEB-8F19-9997B76BF37E}.Debug|Any CPU.ActiveCfg = Debug|Any CPU
		{D8273229-EF61-4DEB-8F19-9997B76BF37E}.Debug|Any CPU.Build.0 = Debug|Any CPU
		{D8273229-EF61-4DEB-8F19-9997B76BF37E}.Release|Any CPU.ActiveCfg = Release|Any CPU
		{D8273229-EF61-4DEB-8F19-9997B76BF37E}.Release|Any CPU.Build.0 = Release|Any CPU
	EndGlobalSection
	GlobalSection(SolutionProperties) = preSolution
		HideSolutionNode = FALSE
	EndGlobalSection
	GlobalSection(NestedProjects) = preSolution
		{B71A0EEA-F738-405B-B3F1-91B14CE1975C} = {B496E169-0056-4624-8C33-9D7E3E8F4EE3}
		{34C83D32-0966-475E-9025-573FADF10A3A} = {B496E169-0056-4624-8C33-9D7E3E8F4EE3}
		{B496E169-0056-4624-8C33-9D7E3E8F4EE3} = {5A17F193-1BB6-4317-8770-ADA5286F3236}
		{85E3B406-EDDE-4CAA-85B9-91C34169FD8A} = {B496E169-0056-4624-8C33-9D7E3E8F4EE3}
		{D227505B-1F00-4CBC-A5FA-F3A6D94A2FCF} = {B496E169-0056-4624-8C33-9D7E3E8F4EE3}
		{C31A312D-B694-457E-8B37-68CBEF621265} = {B496E169-0056-4624-8C33-9D7E3E8F4EE3}
		{D74754F2-B944-4F7B-9E92-CE731EA635F2} = {B496E169-0056-4624-8C33-9D7E3E8F4EE3}
		{AFD41FCA-179B-45E8-AB74-7D42A1A902E4} = {B496E169-0056-4624-8C33-9D7E3E8F4EE3}
		{15EE7701-8062-4B9D-9895-382486F870FC} = {5A17F193-1BB6-4317-8770-ADA5286F3236}
		{1650CE47-FDD0-44B9-9305-ED6ABC2049F7} = {15EE7701-8062-4B9D-9895-382486F870FC}
		{1D1F0F28-BA88-4262-BB09-8698A6AB6494} = {15EE7701-8062-4B9D-9895-382486F870FC}
		{17E4F063-89EC-4471-9904-261CC1754436} = {15EE7701-8062-4B9D-9895-382486F870FC}
		{545C1134-C05F-4368-939C-A8EEB8C95B2F} = {15EE7701-8062-4B9D-9895-382486F870FC}
		{DB4D5FF1-CB4E-403F-943D-95E1C7932261} = {15EE7701-8062-4B9D-9895-382486F870FC}
		{FD32EE46-D659-4470-8033-573CB94778D9} = {15EE7701-8062-4B9D-9895-382486F870FC}
		{451F7FAD-3E42-425A-856B-E0E8C8122E36} = {15EE7701-8062-4B9D-9895-382486F870FC}
		{9B225663-4393-4659-8487-D93C5D07FEA1} = {15EE7701-8062-4B9D-9895-382486F870FC}
		{8E90F0E0-63B5-477D-8604-FFB9EE7388DC} = {5A17F193-1BB6-4317-8770-ADA5286F3236}
		{4890373E-2B17-41D0-BAA9-74A962F596E7} = {8E90F0E0-63B5-477D-8604-FFB9EE7388DC}
		{20641B06-5FEB-426A-822C-1C13D9990846} = {8E90F0E0-63B5-477D-8604-FFB9EE7388DC}
		{80FF3BEA-0CF4-46CA-9ACB-73CE0E3DFAEF} = {5A17F193-1BB6-4317-8770-ADA5286F3236}
		{0E6FDF8F-EE71-4EBF-8596-31B8D594AE1A} = {80FF3BEA-0CF4-46CA-9ACB-73CE0E3DFAEF}
		{0A518837-9DAA-4449-813A-6E1FC8D9831A} = {80FF3BEA-0CF4-46CA-9ACB-73CE0E3DFAEF}
		{319E5888-483E-4A34-B7B7-BB02365D2FC2} = {80FF3BEA-0CF4-46CA-9ACB-73CE0E3DFAEF}
		{20A91F44-F095-4A32-85D5-26374314ACE6} = {80FF3BEA-0CF4-46CA-9ACB-73CE0E3DFAEF}
		{DF222E90-8599-43D8-80D2-E9FEF53D0592} = {80FF3BEA-0CF4-46CA-9ACB-73CE0E3DFAEF}
		{2CC0FDC9-FD05-4380-8EB3-FD6D5856CC2D} = {5A17F193-1BB6-4317-8770-ADA5286F3236}
		{653475D1-BE90-4BEB-8C2E-80BDE84F6329} = {2CC0FDC9-FD05-4380-8EB3-FD6D5856CC2D}
		{957551EE-78C5-4B31-96F3-253CBE9B299F} = {2CC0FDC9-FD05-4380-8EB3-FD6D5856CC2D}
		{5AE0DCAF-B652-4AB6-AD88-18AEAF76FD13} = {2CC0FDC9-FD05-4380-8EB3-FD6D5856CC2D}
		{AE306459-749D-4D3F-A7C6-7869221F7939} = {2CC0FDC9-FD05-4380-8EB3-FD6D5856CC2D}
		{98F3A219-524F-4A2F-B46A-2277F927082D} = {2CC0FDC9-FD05-4380-8EB3-FD6D5856CC2D}
		{6AD647D0-08B4-4A1E-9877-9660660DDB74} = {2CC0FDC9-FD05-4380-8EB3-FD6D5856CC2D}
		{B3061DA1-EDFE-4547-9F43-3458CD775826} = {2CC0FDC9-FD05-4380-8EB3-FD6D5856CC2D}
		{E17B90D0-F237-4AA8-804A-D953B5BC1AB3} = {5A17F193-1BB6-4317-8770-ADA5286F3236}
		{BDF25FFD-1612-46DB-A1D6-938C6C86481E} = {E17B90D0-F237-4AA8-804A-D953B5BC1AB3}
		{AB75A126-9922-4DAA-A8A7-9D0833E516C1} = {E17B90D0-F237-4AA8-804A-D953B5BC1AB3}
		{FD3EFC97-3F8C-4F4F-8632-0EA3D9AFF30E} = {E17B90D0-F237-4AA8-804A-D953B5BC1AB3}
		{21A0D5E5-B26A-4735-9249-40E1D0BC9707} = {5A17F193-1BB6-4317-8770-ADA5286F3236}
		{8CEE34F5-A50E-490D-A6B1-1B4A534DD1DE} = {21A0D5E5-B26A-4735-9249-40E1D0BC9707}
		{0047405A-293C-4BD5-A4C3-D3C8C9143AE5} = {21A0D5E5-B26A-4735-9249-40E1D0BC9707}
		{A592D8E5-0BEF-4790-B7F6-DCE2617CDEEF} = {21A0D5E5-B26A-4735-9249-40E1D0BC9707}
		{5E5E86ED-4552-4FE8-9812-7E7DCA21EB4C} = {5A17F193-1BB6-4317-8770-ADA5286F3236}
		{FF171E29-E1EF-4649-A4E7-30E7506B002D} = {5E5E86ED-4552-4FE8-9812-7E7DCA21EB4C}
		{9F53A6AB-8E7D-4A62-8138-9A3F7C3F6F6B} = {5E5E86ED-4552-4FE8-9812-7E7DCA21EB4C}
		{499C48CF-1FDF-492C-A790-489A011C0221} = {5E5E86ED-4552-4FE8-9812-7E7DCA21EB4C}
		{2EEF7974-F99B-4523-9E28-601A2105F5EC} = {5E5E86ED-4552-4FE8-9812-7E7DCA21EB4C}
		{D6D3F93A-4EFF-48EA-B44D-9A35242AF2D5} = {5A17F193-1BB6-4317-8770-ADA5286F3236}
		{8D0C7C9E-9D75-45D3-89FA-E9C3F4AB65A4} = {D6D3F93A-4EFF-48EA-B44D-9A35242AF2D5}
		{7D49CD8C-40F0-476B-81BD-4DA354EDFD6B} = {D6D3F93A-4EFF-48EA-B44D-9A35242AF2D5}
		{115A76FA-B5DB-4EF9-9609-ECD97D46AFFC} = {D6D3F93A-4EFF-48EA-B44D-9A35242AF2D5}
		{82369C62-879B-4D89-B8A8-C4AA256582C5} = {5A17F193-1BB6-4317-8770-ADA5286F3236}
		{8FB28268-F9E4-4637-B75F-45395A3A469F} = {82369C62-879B-4D89-B8A8-C4AA256582C5}
		{5A7BE9D7-909E-440A-BFF0-47B1CAD24156} = {4EF1E817-D199-4210-A4B5-9C0A119DEC2D}
		{7F0A851D-F25B-4F15-8320-138E4648120F} = {5A7BE9D7-909E-440A-BFF0-47B1CAD24156}
		{2939D2A0-F52D-4C2A-A8C4-089D4CBA30B9} = {4EF1E817-D199-4210-A4B5-9C0A119DEC2D}
		{3D295E64-E959-4F76-8200-5283B334A4A2} = {2939D2A0-F52D-4C2A-A8C4-089D4CBA30B9}
		{2A926117-482B-47EF-9C24-A9FB4FE16FF9} = {2939D2A0-F52D-4C2A-A8C4-089D4CBA30B9}
		{EF86FD41-37D9-4521-BB16-22A314EAB301} = {4EF1E817-D199-4210-A4B5-9C0A119DEC2D}
		{CCD0DC0A-5CD8-4EB8-A253-08E45848E181} = {EF86FD41-37D9-4521-BB16-22A314EAB301}
		{E4C075A6-6EE4-47B1-B689-CF5886F3A9B1} = {4EF1E817-D199-4210-A4B5-9C0A119DEC2D}
		{B9A6960B-930F-4094-9187-6B9969888BD4} = {E4C075A6-6EE4-47B1-B689-CF5886F3A9B1}
		{556EF3FD-B300-44FA-9575-F618318DC124} = {4EF1E817-D199-4210-A4B5-9C0A119DEC2D}
		{209CD582-EFD6-41F4-AFC3-336279B1C19F} = {556EF3FD-B300-44FA-9575-F618318DC124}
		{0B57CD77-0BDD-48A1-82DA-2EC186A06E0A} = {556EF3FD-B300-44FA-9575-F618318DC124}
		{82A7142B-E60A-407F-A4EF-3B94B63D1959} = {4EF1E817-D199-4210-A4B5-9C0A119DEC2D}
		{41924E37-9156-4425-990A-E64E1C162D52} = {82A7142B-E60A-407F-A4EF-3B94B63D1959}
		{01875944-AB5A-4BBC-A591-DDC66F17B301} = {4EF1E817-D199-4210-A4B5-9C0A119DEC2D}
		{CC42D1D7-DEB8-4A66-A327-A0AB4EED3A5A} = {01875944-AB5A-4BBC-A591-DDC66F17B301}
		{D1950A1A-B831-486F-8960-B872C02F4267} = {4EF1E817-D199-4210-A4B5-9C0A119DEC2D}
		{B5AC7F01-460A-424A-99C4-3943DD069442} = {D1950A1A-B831-486F-8960-B872C02F4267}
		{1369AF9C-C7BF-443D-9E60-40F9E31E9FDE} = {4EF1E817-D199-4210-A4B5-9C0A119DEC2D}
		{BF768B12-FF6D-43FC-9266-6153E3C21908} = {1369AF9C-C7BF-443D-9E60-40F9E31E9FDE}
		{85E1CB84-B808-485E-B95D-F3F35AE1FF6F} = {4EF1E817-D199-4210-A4B5-9C0A119DEC2D}
		{3B5752AC-7C0D-4439-9C17-49FF39C1814B} = {85E1CB84-B808-485E-B95D-F3F35AE1FF6F}
		{1A312098-837F-4574-B112-A1EEB8DD84E9} = {4EF1E817-D199-4210-A4B5-9C0A119DEC2D}
		{19421D34-EA3D-4A3F-AA66-8E4B50AB19C3} = {1A312098-837F-4574-B112-A1EEB8DD84E9}
		{51182FDC-1FB0-4B28-B99A-DD874A339899} = {4EF1E817-D199-4210-A4B5-9C0A119DEC2D}
		{D8273229-EF61-4DEB-8F19-9997B76BF37E} = {51182FDC-1FB0-4B28-B99A-DD874A339899}
	EndGlobalSection
EndGlobal
